
Microsoft Visual Studio Solution File, Format Version 12.00
# Visual Studio 15
Project("{FAE04EC0-301F-11D3-BF4B-00C04F79EFBC}") = "Assembly-CSharp", "Assembly-CSharp.csproj", "{A742A724-A478-51B9-D51F-9560D7C307CC}"
EndProject
Project("{FAE04EC0-301F-11D3-BF4B-00C04F79EFBC}") = "Assembly-CSharp-Editor", "Assembly-CSharp-Editor.csproj", "{662222AC-4C69-23ED-19D1-C17A3E5D637A}"
EndProject
Global
	GlobalSection(SolutionConfigurationPlatforms) = preSolution
		Debug|Any CPU = Debug|Any CPU
		Release|Any CPU = Release|Any CPU
	EndGlobalSection
	GlobalSection(ProjectConfigurationPlatforms) = postSolution
		{A742A724-A478-51B9-D51F-9560D7C307CC}.Debug|Any CPU.ActiveCfg = Debug|Any CPU
		{A742A724-A478-51B9-D51F-9560D7C307CC}.Debug|Any CPU.Build.0 = Debug|Any CPU
		{A742A724-A478-51B9-D51F-9560D7C307CC}.Release|Any CPU.ActiveCfg = Release|Any CPU
		{A742A724-A478-51B9-D51F-9560D7C307CC}.Release|Any CPU.Build.0 = Release|Any CPU
		{662222AC-4C69-23ED-19D1-C17A3E5D637A}.Debug|Any CPU.ActiveCfg = Debug|Any CPU
		{662222AC-4C69-23ED-19D1-C17A3E5D637A}.Debug|Any CPU.Build.0 = Debug|Any CPU
		{662222AC-4C69-23ED-19D1-C17A3E5D637A}.Release|Any CPU.ActiveCfg = Release|Any CPU
		{662222AC-4C69-23ED-19D1-C17A3E5D637A}.Release|Any CPU.Build.0 = Release|Any CPU
	EndGlobalSection
	GlobalSection(SolutionProperties) = preSolution
		HideSolutionNode = FALSE
	EndGlobalSection
EndGlobal
