
Microsoft Visual Studio Solution File, Format Version 12.00
# Visual Studio Version 16
VisualStudioVersion = 16.0.29926.136
MinimumVisualStudioVersion = 10.0.40219.1
Project("{FAE04EC0-301F-11D3-BF4B-00C04F79EFBC}") = "Assembly-CSharp", "Assembly-CSharp.csproj", "{75DD3BBF-A537-993F-9650-DA867E5E63C3}"
EndProject
Project("{FAE04EC0-301F-11D3-BF4B-00C04F79EFBC}") = "Assembly-CSharp-Editor", "Assembly-CSharp-Editor.csproj", "{05BDB89D-46AE-716C-8438-E5F56E7C838F}"
EndProject
Global
	GlobalSection(SolutionConfigurationPlatforms) = preSolution
		Debug|Any CPU = Debug|Any CPU
		Release|Any CPU = Release|Any CPU
	EndGlobalSection
	GlobalSection(ProjectConfigurationPlatforms) = postSolution
		{75DD3BBF-A537-993F-9650-DA867E5E63C3}.Debug|Any CPU.ActiveCfg = Debug|Any CPU
		{75DD3BBF-A537-993F-9650-DA867E5E63C3}.Debug|Any CPU.Build.0 = Debug|Any CPU
		{75DD3BBF-A537-993F-9650-DA867E5E63C3}.Release|Any CPU.ActiveCfg = Release|Any CPU
		{75DD3BBF-A537-993F-9650-DA867E5E63C3}.Release|Any CPU.Build.0 = Release|Any CPU
		{05BDB89D-46AE-716C-8438-E5F56E7C838F}.Debug|Any CPU.ActiveCfg = Debug|Any CPU
		{05BDB89D-46AE-716C-8438-E5F56E7C838F}.Debug|Any CPU.Build.0 = Debug|Any CPU
		{05BDB89D-46AE-716C-8438-E5F56E7C838F}.Release|Any CPU.ActiveCfg = Release|Any CPU
		{05BDB89D-46AE-716C-8438-E5F56E7C838F}.Release|Any CPU.Build.0 = Release|Any CPU
	EndGlobalSection
	GlobalSection(SolutionProperties) = preSolution
		HideSolutionNode = FALSE
	EndGlobalSection
	GlobalSection(ExtensibilityGlobals) = postSolution
		SolutionGuid = {1995A10C-0AC4-4C25-8E0A-E5D726D28B59}
	EndGlobalSection
EndGlobal
